
Microsoft Visual Studio Solution File, Format Version 12.00
# Visual Studio Version 17
VisualStudioVersion = 17.4.33403.182
MinimumVisualStudioVersion = 10.0.40219.1
Project("{9A19103F-16F7-4668-BE54-9A1E7A4F7556}") = "1.SMCS.Web", "SMCS.Web\1.SMCS.Web.csproj", "{1DFF15DF-5666-497C-BDFB-D232A776E28E}"
EndProject
Project("{FAE04EC0-301F-11D3-BF4B-00C04F79EFBC}") = "2.SMCS.BusinessLogic", "SMCS.BusinessLogic\2.SMCS.BusinessLogic.csproj", "{3C97C7BF-D7ED-4280-BF93-83E408D4E3A0}"
EndProject
Project("{FAE04EC0-301F-11D3-BF4B-00C04F79EFBC}") = "3.SMCS.Domains", "SMCS.Domains\3.SMCS.Domains.csproj", "{5D2F535B-7E14-402E-A607-D4F0457D8C42}"
EndProject
Project("{FAE04EC0-301F-11D3-BF4B-00C04F79EFBC}") = "4.SMCS.Models", "SMCS.Models\4.SMCS.Models.csproj", "{BF1B8895-17AF-4874-83B2-BF178456BD93}"
EndProject
Project("{FAE04EC0-301F-11D3-BF4B-00C04F79EFBC}") = "5.SMCS.Data", "SMCS.Data\5.SMCS.Data.csproj", "{0F3EDEBC-87A6-41C0-8D83-2249D461285F}"
EndProject
Global
	GlobalSection(SolutionConfigurationPlatforms) = preSolution
		Debug|Any CPU = Debug|Any CPU
		Release|Any CPU = Release|Any CPU
	EndGlobalSection
	GlobalSection(ProjectConfigurationPlatforms) = postSolution
		{1DFF15DF-5666-497C-BDFB-D232A776E28E}.Debug|Any CPU.ActiveCfg = Debug|Any CPU
		{1DFF15DF-5666-497C-BDFB-D232A776E28E}.Debug|Any CPU.Build.0 = Debug|Any CPU
		{1DFF15DF-5666-497C-BDFB-D232A776E28E}.Release|Any CPU.ActiveCfg = Release|Any CPU
		{1DFF15DF-5666-497C-BDFB-D232A776E28E}.Release|Any CPU.Build.0 = Release|Any CPU
		{3C97C7BF-D7ED-4280-BF93-83E408D4E3A0}.Debug|Any CPU.ActiveCfg = Debug|Any CPU
		{3C97C7BF-D7ED-4280-BF93-83E408D4E3A0}.Debug|Any CPU.Build.0 = Debug|Any CPU
		{3C97C7BF-D7ED-4280-BF93-83E408D4E3A0}.Release|Any CPU.ActiveCfg = Release|Any CPU
		{3C97C7BF-D7ED-4280-BF93-83E408D4E3A0}.Release|Any CPU.Build.0 = Release|Any CPU
		{5D2F535B-7E14-402E-A607-D4F0457D8C42}.Debug|Any CPU.ActiveCfg = Debug|Any CPU
		{5D2F535B-7E14-402E-A607-D4F0457D8C42}.Debug|Any CPU.Build.0 = Debug|Any CPU
		{5D2F535B-7E14-402E-A607-D4F0457D8C42}.Release|Any CPU.ActiveCfg = Release|Any CPU
		{5D2F535B-7E14-402E-A607-D4F0457D8C42}.Release|Any CPU.Build.0 = Release|Any CPU
		{BF1B8895-17AF-4874-83B2-BF178456BD93}.Debug|Any CPU.ActiveCfg = Debug|Any CPU
		{BF1B8895-17AF-4874-83B2-BF178456BD93}.Debug|Any CPU.Build.0 = Debug|Any CPU
		{BF1B8895-17AF-4874-83B2-BF178456BD93}.Release|Any CPU.ActiveCfg = Release|Any CPU
		{BF1B8895-17AF-4874-83B2-BF178456BD93}.Release|Any CPU.Build.0 = Release|Any CPU
		{0F3EDEBC-87A6-41C0-8D83-2249D461285F}.Debug|Any CPU.ActiveCfg = Debug|Any CPU
		{0F3EDEBC-87A6-41C0-8D83-2249D461285F}.Debug|Any CPU.Build.0 = Debug|Any CPU
		{0F3EDEBC-87A6-41C0-8D83-2249D461285F}.Release|Any CPU.ActiveCfg = Release|Any CPU
		{0F3EDEBC-87A6-41C0-8D83-2249D461285F}.Release|Any CPU.Build.0 = Release|Any CPU
	EndGlobalSection
	GlobalSection(SolutionProperties) = preSolution
		HideSolutionNode = FALSE
	EndGlobalSection
	GlobalSection(ExtensibilityGlobals) = postSolution
		SolutionGuid = {B2A1DF58-4376-448E-B286-463753EE3151}
	EndGlobalSection
EndGlobal
