
Microsoft Visual Studio Solution File, Format Version 12.00
# Visual Studio Version 17
VisualStudioVersion = 17.4.33403.182
MinimumVisualStudioVersion = 10.0.40219.1
Project("{FAE04EC0-301F-11D3-BF4B-00C04F79EFBC}") = "1.SMCS.Web", "SMCS.Web\1.SMCS.Web.csproj", "{9315B923-A99E-46FF-927D-C9D57F966B72}"
EndProject
Project("{FAE04EC0-301F-11D3-BF4B-00C04F79EFBC}") = "2.SMCS.BusinessLogic", "SMCS.BusinessLogic\2.SMCS.BusinessLogic.csproj", "{4698D0CC-0373-4CAC-8870-B3B233C4C74A}"
EndProject
Project("{FAE04EC0-301F-11D3-BF4B-00C04F79EFBC}") = "3.SMCS.Domains", "SMCS.Domains\3.SMCS.Domains.csproj", "{E0D56656-2C56-4583-80BB-0866642B5849}"
EndProject
Project("{FAE04EC0-301F-11D3-BF4B-00C04F79EFBC}") = "4.SMCS.Models", "SMCS.Models\4.SMCS.Models.csproj", "{D0AAFD97-610F-426B-AE5A-BD6C6F9581DD}"
EndProject
Project("{FAE04EC0-301F-11D3-BF4B-00C04F79EFBC}") = "5.SMCS.Data", "SMCS.Data\5.SMCS.Data.csproj", "{65ADAB5B-DB86-4EDB-9C2D-2968C98D0CA1}"
EndProject
Global
	GlobalSection(SolutionConfigurationPlatforms) = preSolution
		Debug|Any CPU = Debug|Any CPU
		Release|Any CPU = Release|Any CPU
	EndGlobalSection
	GlobalSection(ProjectConfigurationPlatforms) = postSolution
		{9315B923-A99E-46FF-927D-C9D57F966B72}.Debug|Any CPU.ActiveCfg = Debug|Any CPU
		{9315B923-A99E-46FF-927D-C9D57F966B72}.Debug|Any CPU.Build.0 = Debug|Any CPU
		{9315B923-A99E-46FF-927D-C9D57F966B72}.Release|Any CPU.ActiveCfg = Release|Any CPU
		{9315B923-A99E-46FF-927D-C9D57F966B72}.Release|Any CPU.Build.0 = Release|Any CPU
		{4698D0CC-0373-4CAC-8870-B3B233C4C74A}.Debug|Any CPU.ActiveCfg = Debug|Any CPU
		{4698D0CC-0373-4CAC-8870-B3B233C4C74A}.Debug|Any CPU.Build.0 = Debug|Any CPU
		{4698D0CC-0373-4CAC-8870-B3B233C4C74A}.Release|Any CPU.ActiveCfg = Release|Any CPU
		{4698D0CC-0373-4CAC-8870-B3B233C4C74A}.Release|Any CPU.Build.0 = Release|Any CPU
		{E0D56656-2C56-4583-80BB-0866642B5849}.Debug|Any CPU.ActiveCfg = Debug|Any CPU
		{E0D56656-2C56-4583-80BB-0866642B5849}.Debug|Any CPU.Build.0 = Debug|Any CPU
		{E0D56656-2C56-4583-80BB-0866642B5849}.Release|Any CPU.ActiveCfg = Release|Any CPU
		{E0D56656-2C56-4583-80BB-0866642B5849}.Release|Any CPU.Build.0 = Release|Any CPU
		{D0AAFD97-610F-426B-AE5A-BD6C6F9581DD}.Debug|Any CPU.ActiveCfg = Debug|Any CPU
		{D0AAFD97-610F-426B-AE5A-BD6C6F9581DD}.Debug|Any CPU.Build.0 = Debug|Any CPU
		{D0AAFD97-610F-426B-AE5A-BD6C6F9581DD}.Release|Any CPU.ActiveCfg = Release|Any CPU
		{D0AAFD97-610F-426B-AE5A-BD6C6F9581DD}.Release|Any CPU.Build.0 = Release|Any CPU
		{65ADAB5B-DB86-4EDB-9C2D-2968C98D0CA1}.Debug|Any CPU.ActiveCfg = Debug|Any CPU
		{65ADAB5B-DB86-4EDB-9C2D-2968C98D0CA1}.Debug|Any CPU.Build.0 = Debug|Any CPU
		{65ADAB5B-DB86-4EDB-9C2D-2968C98D0CA1}.Release|Any CPU.ActiveCfg = Release|Any CPU
		{65ADAB5B-DB86-4EDB-9C2D-2968C98D0CA1}.Release|Any CPU.Build.0 = Release|Any CPU
	EndGlobalSection
	GlobalSection(SolutionProperties) = preSolution
		HideSolutionNode = FALSE
	EndGlobalSection
	GlobalSection(ExtensibilityGlobals) = postSolution
		SolutionGuid = {B2A1DF58-4376-448E-B286-463753EE3151}
	EndGlobalSection
EndGlobal
